
Microsoft Visual Studio Solution File, Format Version 12.00
# Visual Studio Version 17
VisualStudioVersion = 17.0.31903.59
MinimumVisualStudioVersion = 10.0.40219.1
Project("{2150E333-8FDC-42A3-9474-1A3956D46DE8}") = "src", "src", "{827E0CD3-B72D-47B6-A68D-7590B98EB39B}"
EndProject
Project("{FAE04EC0-301F-11D3-BF4B-00C04F79EFBC}") = "Domain", "src\Domain\Domain.csproj", "{55C47324-4E84-4AE8-BBE6-A0FFFF1D9486}"
EndProject
Project("{FAE04EC0-301F-11D3-BF4B-00C04F79EFBC}") = "Application", "src\Application\Application.csproj", "{9D88D14A-4DE9-4E96-AE26-7DB1B7E25066}"
EndProject
Project("{FAE04EC0-301F-11D3-BF4B-00C04F79EFBC}") = "Infrastructure", "src\Infrastructure\Infrastructure.csproj", "{E88A24AC-FBC7-45AE-BBBD-E90EA046829A}"
EndProject
Project("{FAE04EC0-301F-11D3-BF4B-00C04F79EFBC}") = "WeatherApp", "src\WeatherApp.csproj", "{88B79683-1D26-4317-BDC8-E72058DCFFDB}"
EndProject
Project("{2150E333-8FDC-42A3-9474-1A3956D46DE8}") = "tests", "tests", "{0AB3BF05-4346-4AA6-1389-037BE0695223}"
EndProject
Project("{FAE04EC0-301F-11D3-BF4B-00C04F79EFBC}") = "Tests", "tests\Tests.csproj", "{99412678-5D13-4490-84E1-17B5E8CD569D}"
EndProject
Global
	GlobalSection(SolutionConfigurationPlatforms) = preSolution
		Debug|Any CPU = Debug|Any CPU
		Debug|x64 = Debug|x64
		Debug|x86 = Debug|x86
		Release|Any CPU = Release|Any CPU
		Release|x64 = Release|x64
		Release|x86 = Release|x86
	EndGlobalSection
	GlobalSection(ProjectConfigurationPlatforms) = postSolution
		{55C47324-4E84-4AE8-BBE6-A0FFFF1D9486}.Debug|Any CPU.ActiveCfg = Debug|Any CPU
		{55C47324-4E84-4AE8-BBE6-A0FFFF1D9486}.Debug|Any CPU.Build.0 = Debug|Any CPU
		{55C47324-4E84-4AE8-BBE6-A0FFFF1D9486}.Debug|x64.ActiveCfg = Debug|Any CPU
		{55C47324-4E84-4AE8-BBE6-A0FFFF1D9486}.Debug|x64.Build.0 = Debug|Any CPU
		{55C47324-4E84-4AE8-BBE6-A0FFFF1D9486}.Debug|x86.ActiveCfg = Debug|Any CPU
		{55C47324-4E84-4AE8-BBE6-A0FFFF1D9486}.Debug|x86.Build.0 = Debug|Any CPU
		{55C47324-4E84-4AE8-BBE6-A0FFFF1D9486}.Release|Any CPU.ActiveCfg = Release|Any CPU
		{55C47324-4E84-4AE8-BBE6-A0FFFF1D9486}.Release|Any CPU.Build.0 = Release|Any CPU
		{55C47324-4E84-4AE8-BBE6-A0FFFF1D9486}.Release|x64.ActiveCfg = Release|Any CPU
		{55C47324-4E84-4AE8-BBE6-A0FFFF1D9486}.Release|x64.Build.0 = Release|Any CPU
		{55C47324-4E84-4AE8-BBE6-A0FFFF1D9486}.Release|x86.ActiveCfg = Release|Any CPU
		{55C47324-4E84-4AE8-BBE6-A0FFFF1D9486}.Release|x86.Build.0 = Release|Any CPU
		{9D88D14A-4DE9-4E96-AE26-7DB1B7E25066}.Debug|Any CPU.ActiveCfg = Debug|Any CPU
		{9D88D14A-4DE9-4E96-AE26-7DB1B7E25066}.Debug|Any CPU.Build.0 = Debug|Any CPU
		{9D88D14A-4DE9-4E96-AE26-7DB1B7E25066}.Debug|x64.ActiveCfg = Debug|Any CPU
		{9D88D14A-4DE9-4E96-AE26-7DB1B7E25066}.Debug|x64.Build.0 = Debug|Any CPU
		{9D88D14A-4DE9-4E96-AE26-7DB1B7E25066}.Debug|x86.ActiveCfg = Debug|Any CPU
		{9D88D14A-4DE9-4E96-AE26-7DB1B7E25066}.Debug|x86.Build.0 = Debug|Any CPU
		{9D88D14A-4DE9-4E96-AE26-7DB1B7E25066}.Release|Any CPU.ActiveCfg = Release|Any CPU
		{9D88D14A-4DE9-4E96-AE26-7DB1B7E25066}.Release|Any CPU.Build.0 = Release|Any CPU
		{9D88D14A-4DE9-4E96-AE26-7DB1B7E25066}.Release|x64.ActiveCfg = Release|Any CPU
		{9D88D14A-4DE9-4E96-AE26-7DB1B7E25066}.Release|x64.Build.0 = Release|Any CPU
		{9D88D14A-4DE9-4E96-AE26-7DB1B7E25066}.Release|x86.ActiveCfg = Release|Any CPU
		{9D88D14A-4DE9-4E96-AE26-7DB1B7E25066}.Release|x86.Build.0 = Release|Any CPU
		{E88A24AC-FBC7-45AE-BBBD-E90EA046829A}.Debug|Any CPU.ActiveCfg = Debug|Any CPU
		{E88A24AC-FBC7-45AE-BBBD-E90EA046829A}.Debug|Any CPU.Build.0 = Debug|Any CPU
		{E88A24AC-FBC7-45AE-BBBD-E90EA046829A}.Debug|x64.ActiveCfg = Debug|Any CPU
		{E88A24AC-FBC7-45AE-BBBD-E90EA046829A}.Debug|x64.Build.0 = Debug|Any CPU
		{E88A24AC-FBC7-45AE-BBBD-E90EA046829A}.Debug|x86.ActiveCfg = Debug|Any CPU
		{E88A24AC-FBC7-45AE-BBBD-E90EA046829A}.Debug|x86.Build.0 = Debug|Any CPU
		{E88A24AC-FBC7-45AE-BBBD-E90EA046829A}.Release|Any CPU.ActiveCfg = Release|Any CPU
		{E88A24AC-FBC7-45AE-BBBD-E90EA046829A}.Release|Any CPU.Build.0 = Release|Any CPU
		{E88A24AC-FBC7-45AE-BBBD-E90EA046829A}.Release|x64.ActiveCfg = Release|Any CPU
		{E88A24AC-FBC7-45AE-BBBD-E90EA046829A}.Release|x64.Build.0 = Release|Any CPU
		{E88A24AC-FBC7-45AE-BBBD-E90EA046829A}.Release|x86.ActiveCfg = Release|Any CPU
		{E88A24AC-FBC7-45AE-BBBD-E90EA046829A}.Release|x86.Build.0 = Release|Any CPU
		{88B79683-1D26-4317-BDC8-E72058DCFFDB}.Debug|Any CPU.ActiveCfg = Debug|Any CPU
		{88B79683-1D26-4317-BDC8-E72058DCFFDB}.Debug|Any CPU.Build.0 = Debug|Any CPU
		{88B79683-1D26-4317-BDC8-E72058DCFFDB}.Debug|x64.ActiveCfg = Debug|Any CPU
		{88B79683-1D26-4317-BDC8-E72058DCFFDB}.Debug|x64.Build.0 = Debug|Any CPU
		{88B79683-1D26-4317-BDC8-E72058DCFFDB}.Debug|x86.ActiveCfg = Debug|Any CPU
		{88B79683-1D26-4317-BDC8-E72058DCFFDB}.Debug|x86.Build.0 = Debug|Any CPU
		{88B79683-1D26-4317-BDC8-E72058DCFFDB}.Release|Any CPU.ActiveCfg = Release|Any CPU
		{88B79683-1D26-4317-BDC8-E72058DCFFDB}.Release|Any CPU.Build.0 = Release|Any CPU
		{88B79683-1D26-4317-BDC8-E72058DCFFDB}.Release|x64.ActiveCfg = Release|Any CPU
		{88B79683-1D26-4317-BDC8-E72058DCFFDB}.Release|x64.Build.0 = Release|Any CPU
		{88B79683-1D26-4317-BDC8-E72058DCFFDB}.Release|x86.ActiveCfg = Release|Any CPU
		{88B79683-1D26-4317-BDC8-E72058DCFFDB}.Release|x86.Build.0 = Release|Any CPU
		{99412678-5D13-4490-84E1-17B5E8CD569D}.Debug|Any CPU.ActiveCfg = Debug|Any CPU
		{99412678-5D13-4490-84E1-17B5E8CD569D}.Debug|Any CPU.Build.0 = Debug|Any CPU
		{99412678-5D13-4490-84E1-17B5E8CD569D}.Debug|x64.ActiveCfg = Debug|Any CPU
		{99412678-5D13-4490-84E1-17B5E8CD569D}.Debug|x64.Build.0 = Debug|Any CPU
		{99412678-5D13-4490-84E1-17B5E8CD569D}.Debug|x86.ActiveCfg = Debug|Any CPU
		{99412678-5D13-4490-84E1-17B5E8CD569D}.Debug|x86.Build.0 = Debug|Any CPU
		{99412678-5D13-4490-84E1-17B5E8CD569D}.Release|Any CPU.ActiveCfg = Release|Any CPU
		{99412678-5D13-4490-84E1-17B5E8CD569D}.Release|Any CPU.Build.0 = Release|Any CPU
		{99412678-5D13-4490-84E1-17B5E8CD569D}.Release|x64.ActiveCfg = Release|Any CPU
		{99412678-5D13-4490-84E1-17B5E8CD569D}.Release|x64.Build.0 = Release|Any CPU
		{99412678-5D13-4490-84E1-17B5E8CD569D}.Release|x86.ActiveCfg = Release|Any CPU
		{99412678-5D13-4490-84E1-17B5E8CD569D}.Release|x86.Build.0 = Release|Any CPU
	EndGlobalSection
	GlobalSection(SolutionProperties) = preSolution
		HideSolutionNode = FALSE
	EndGlobalSection
	GlobalSection(NestedProjects) = preSolution
		{55C47324-4E84-4AE8-BBE6-A0FFFF1D9486} = {827E0CD3-B72D-47B6-A68D-7590B98EB39B}
		{9D88D14A-4DE9-4E96-AE26-7DB1B7E25066} = {827E0CD3-B72D-47B6-A68D-7590B98EB39B}
		{E88A24AC-FBC7-45AE-BBBD-E90EA046829A} = {827E0CD3-B72D-47B6-A68D-7590B98EB39B}
		{88B79683-1D26-4317-BDC8-E72058DCFFDB} = {827E0CD3-B72D-47B6-A68D-7590B98EB39B}
		{99412678-5D13-4490-84E1-17B5E8CD569D} = {0AB3BF05-4346-4AA6-1389-037BE0695223}
	EndGlobalSection
EndGlobal
